
Microsoft Visual Studio Solution File, Format Version 12.00
# Visual Studio Version 17
VisualStudioVersion = 17.3.32929.385
MinimumVisualStudioVersion = 10.0.40219.1
Project("{FAE04EC0-301F-11D3-BF4B-00C04F79EFBC}") = "ConsoleApp4", "ConsoleApp4\ConsoleApp4.csproj", "{EB47C0BC-156B-434F-9BD7-D20F29193B6F}"
EndProject
Global
	GlobalSection(SolutionConfigurationPlatforms) = preSolution
		Debug|Any CPU = Debug|Any CPU
		Release|Any CPU = Release|Any CPU
	EndGlobalSection
	GlobalSection(ProjectConfigurationPlatforms) = postSolution
		{EB47C0BC-156B-434F-9BD7-D20F29193B6F}.Debug|Any CPU.ActiveCfg = Debug|Any CPU
		{EB47C0BC-156B-434F-9BD7-D20F29193B6F}.Debug|Any CPU.Build.0 = Debug|Any CPU
		{EB47C0BC-156B-434F-9BD7-D20F29193B6F}.Release|Any CPU.ActiveCfg = Release|Any CPU
		{EB47C0BC-156B-434F-9BD7-D20F29193B6F}.Release|Any CPU.Build.0 = Release|Any CPU
	EndGlobalSection
	GlobalSection(SolutionProperties) = preSolution
		HideSolutionNode = FALSE
	EndGlobalSection
	GlobalSection(ExtensibilityGlobals) = postSolution
		SolutionGuid = {A95307C9-A0C2-4F56-8F33-995128B1A538}
	EndGlobalSection
EndGlobal
